
Microsoft Visual Studio Solution File, Format Version 12.00
# Visual Studio Version 17
VisualStudioVersion = 17.8.34316.72
MinimumVisualStudioVersion = 10.0.40219.1
Project("{9A19103F-16F7-4668-BE54-9A1E7A4F7556}") = "CG_N3_Exemplo", "CG_N3_Exemplo.csproj", "{F2638DBC-76AF-4916-ABCB-4FEE102B9EA2}"
EndProject
Project("{9A19103F-16F7-4668-BE54-9A1E7A4F7556}") = "CG_Biblioteca", "..\CG_Biblioteca\CG_Biblioteca.csproj", "{1F6C6B36-AAA1-4CB2-BE97-B9F2BC16A744}"
EndProject
Global
	GlobalSection(SolutionConfigurationPlatforms) = preSolution
		Debug|Any CPU = Debug|Any CPU
		Release|Any CPU = Release|Any CPU
	EndGlobalSection
	GlobalSection(ProjectConfigurationPlatforms) = postSolution
		{F2638DBC-76AF-4916-ABCB-4FEE102B9EA2}.Debug|Any CPU.ActiveCfg = Debug|Any CPU
		{F2638DBC-76AF-4916-ABCB-4FEE102B9EA2}.Debug|Any CPU.Build.0 = Debug|Any CPU
		{F2638DBC-76AF-4916-ABCB-4FEE102B9EA2}.Release|Any CPU.ActiveCfg = Release|Any CPU
		{F2638DBC-76AF-4916-ABCB-4FEE102B9EA2}.Release|Any CPU.Build.0 = Release|Any CPU
		{1F6C6B36-AAA1-4CB2-BE97-B9F2BC16A744}.Debug|Any CPU.ActiveCfg = Debug|Any CPU
		{1F6C6B36-AAA1-4CB2-BE97-B9F2BC16A744}.Debug|Any CPU.Build.0 = Debug|Any CPU
		{1F6C6B36-AAA1-4CB2-BE97-B9F2BC16A744}.Release|Any CPU.ActiveCfg = Release|Any CPU
		{1F6C6B36-AAA1-4CB2-BE97-B9F2BC16A744}.Release|Any CPU.Build.0 = Release|Any CPU
	EndGlobalSection
	GlobalSection(SolutionProperties) = preSolution
		HideSolutionNode = FALSE
	EndGlobalSection
	GlobalSection(ExtensibilityGlobals) = postSolution
		SolutionGuid = {FAE282ED-A84F-4B13-AA0E-53B39D373D0D}
	EndGlobalSection
EndGlobal
